
Microsoft Visual Studio Solution File, Format Version 12.00
# Visual Studio Version 17
VisualStudioVersion = 17.0.31903.59
MinimumVisualStudioVersion = 10.0.40219.1
Project("{FAE04EC0-301F-11D3-BF4B-00C04F79EFBC}") = "API", "API\API.csproj", "{2E8F9FB0-214A-459C-85F2-1C8D6C39F118}"
EndProject
Project("{FAE04EC0-301F-11D3-BF4B-00C04F79EFBC}") = "Core", "Core\Core.csproj", "{88999E13-8D3F-4FEA-8747-59BABD783A57}"
EndProject
Project("{FAE04EC0-301F-11D3-BF4B-00C04F79EFBC}") = "Infrastructure", "Infrastructure\Infrastructure.csproj", "{2760C3C0-F9B3-4841-AAA9-946231B0E1A3}"
EndProject
Global
	GlobalSection(SolutionConfigurationPlatforms) = preSolution
		Debug|Any CPU = Debug|Any CPU
		Release|Any CPU = Release|Any CPU
	EndGlobalSection
	GlobalSection(SolutionProperties) = preSolution
		HideSolutionNode = FALSE
	EndGlobalSection
	GlobalSection(ProjectConfigurationPlatforms) = postSolution
		{2E8F9FB0-214A-459C-85F2-1C8D6C39F118}.Debug|Any CPU.ActiveCfg = Debug|Any CPU
		{2E8F9FB0-214A-459C-85F2-1C8D6C39F118}.Debug|Any CPU.Build.0 = Debug|Any CPU
		{2E8F9FB0-214A-459C-85F2-1C8D6C39F118}.Release|Any CPU.ActiveCfg = Release|Any CPU
		{2E8F9FB0-214A-459C-85F2-1C8D6C39F118}.Release|Any CPU.Build.0 = Release|Any CPU
		{88999E13-8D3F-4FEA-8747-59BABD783A57}.Debug|Any CPU.ActiveCfg = Debug|Any CPU
		{88999E13-8D3F-4FEA-8747-59BABD783A57}.Debug|Any CPU.Build.0 = Debug|Any CPU
		{88999E13-8D3F-4FEA-8747-59BABD783A57}.Release|Any CPU.ActiveCfg = Release|Any CPU
		{88999E13-8D3F-4FEA-8747-59BABD783A57}.Release|Any CPU.Build.0 = Release|Any CPU
		{2760C3C0-F9B3-4841-AAA9-946231B0E1A3}.Debug|Any CPU.ActiveCfg = Debug|Any CPU
		{2760C3C0-F9B3-4841-AAA9-946231B0E1A3}.Debug|Any CPU.Build.0 = Debug|Any CPU
		{2760C3C0-F9B3-4841-AAA9-946231B0E1A3}.Release|Any CPU.ActiveCfg = Release|Any CPU
		{2760C3C0-F9B3-4841-AAA9-946231B0E1A3}.Release|Any CPU.Build.0 = Release|Any CPU
	EndGlobalSection
EndGlobal
